
Microsoft Visual Studio Solution File, Format Version 12.00
# Visual Studio Version 17
VisualStudioVersion = 17.0.32126.317
MinimumVisualStudioVersion = 10.0.40219.1
Project("{FAE04EC0-301F-11D3-BF4B-00C04F79EFBC}") = "Electricity Billing System LogIn", "Electricity Billing System LogIn\Electricity Billing System LogIn.csproj", "{5C7DA29E-A27C-498D-9936-6FE267B063AB}"
EndProject
Global
	GlobalSection(SolutionConfigurationPlatforms) = preSolution
		Debug|Any CPU = Debug|Any CPU
		Release|Any CPU = Release|Any CPU
	EndGlobalSection
	GlobalSection(ProjectConfigurationPlatforms) = postSolution
		{5C7DA29E-A27C-498D-9936-6FE267B063AB}.Debug|Any CPU.ActiveCfg = Debug|Any CPU
		{5C7DA29E-A27C-498D-9936-6FE267B063AB}.Debug|Any CPU.Build.0 = Debug|Any CPU
		{5C7DA29E-A27C-498D-9936-6FE267B063AB}.Release|Any CPU.ActiveCfg = Release|Any CPU
		{5C7DA29E-A27C-498D-9936-6FE267B063AB}.Release|Any CPU.Build.0 = Release|Any CPU
	EndGlobalSection
	GlobalSection(SolutionProperties) = preSolution
		HideSolutionNode = FALSE
	EndGlobalSection
	GlobalSection(ExtensibilityGlobals) = postSolution
		SolutionGuid = {0E7F07D6-9103-4DED-B118-42F25AA95959}
	EndGlobalSection
EndGlobal
